
Microsoft Visual Studio Solution File, Format Version 12.00
# Visual Studio 15
VisualStudioVersion = 15.0.27004.2005
MinimumVisualStudioVersion = 10.0.40219.1
Project("{FAE04EC0-301F-11D3-BF4B-00C04F79EFBC}") = "ArduinoSetup", "ArduinoSetup\ArduinoSetup.csproj", "{15EC8602-F64A-41A1-8D40-40119744821A}"
EndProject
Global
	GlobalSection(SolutionConfigurationPlatforms) = preSolution
		Debug|Any CPU = Debug|Any CPU
		Release|Any CPU = Release|Any CPU
	EndGlobalSection
	GlobalSection(ProjectConfigurationPlatforms) = postSolution
		{15EC8602-F64A-41A1-8D40-40119744821A}.Debug|Any CPU.ActiveCfg = Debug|Any CPU
		{15EC8602-F64A-41A1-8D40-40119744821A}.Debug|Any CPU.Build.0 = Debug|Any CPU
		{15EC8602-F64A-41A1-8D40-40119744821A}.Release|Any CPU.ActiveCfg = Release|Any CPU
		{15EC8602-F64A-41A1-8D40-40119744821A}.Release|Any CPU.Build.0 = Release|Any CPU
	EndGlobalSection
	GlobalSection(SolutionProperties) = preSolution
		HideSolutionNode = FALSE
	EndGlobalSection
	GlobalSection(ExtensibilityGlobals) = postSolution
		SolutionGuid = {3F114BA9-B6B2-4A63-B773-C07EC7492B59}
	EndGlobalSection
EndGlobal
